
Microsoft Visual Studio Solution File, Format Version 12.00
# Visual Studio Version 17
VisualStudioVersion = 17.5.33414.496
MinimumVisualStudioVersion = 10.0.40219.1
Project("{FAE04EC0-301F-11D3-BF4B-00C04F79EFBC}") = "Week13SQLLdb", "Week13SQLLdb\Week13SQLLdb.csproj", "{ECCA39B2-1687-4449-9EA0-D80548B1D4E8}"
EndProject
Global
	GlobalSection(SolutionConfigurationPlatforms) = preSolution
		Debug|Any CPU = Debug|Any CPU
		Release|Any CPU = Release|Any CPU
	EndGlobalSection
	GlobalSection(ProjectConfigurationPlatforms) = postSolution
		{ECCA39B2-1687-4449-9EA0-D80548B1D4E8}.Debug|Any CPU.ActiveCfg = Debug|Any CPU
		{ECCA39B2-1687-4449-9EA0-D80548B1D4E8}.Debug|Any CPU.Build.0 = Debug|Any CPU
		{ECCA39B2-1687-4449-9EA0-D80548B1D4E8}.Release|Any CPU.ActiveCfg = Release|Any CPU
		{ECCA39B2-1687-4449-9EA0-D80548B1D4E8}.Release|Any CPU.Build.0 = Release|Any CPU
	EndGlobalSection
	GlobalSection(SolutionProperties) = preSolution
		HideSolutionNode = FALSE
	EndGlobalSection
	GlobalSection(ExtensibilityGlobals) = postSolution
		SolutionGuid = {41B73308-D5CE-4D0D-9748-A500EACA4C1C}
	EndGlobalSection
EndGlobal
